
Microsoft Visual Studio Solution File, Format Version 12.00
# Visual Studio Version 17
VisualStudioVersion = 17.3.32422.330
MinimumVisualStudioVersion = 10.0.40219.1
Project("{9A19103F-16F7-4668-BE54-9A1E7A4F7556}") = "Frontend", "Frontend\Frontend.csproj", "{941862C9-9D77-4F1A-B103-58E106488795}"
EndProject
Project("{9A19103F-16F7-4668-BE54-9A1E7A4F7556}") = "Backend", "Backend\Backend.csproj", "{D5497012-1294-48C5-89E8-3537DB21C924}"
EndProject
Global
	GlobalSection(SolutionConfigurationPlatforms) = preSolution
		Debug|Any CPU = Debug|Any CPU
		Release|Any CPU = Release|Any CPU
	EndGlobalSection
	GlobalSection(ProjectConfigurationPlatforms) = postSolution
		{941862C9-9D77-4F1A-B103-58E106488795}.Debug|Any CPU.ActiveCfg = Debug|Any CPU
		{941862C9-9D77-4F1A-B103-58E106488795}.Debug|Any CPU.Build.0 = Debug|Any CPU
		{941862C9-9D77-4F1A-B103-58E106488795}.Release|Any CPU.ActiveCfg = Release|Any CPU
		{941862C9-9D77-4F1A-B103-58E106488795}.Release|Any CPU.Build.0 = Release|Any CPU
		{D5497012-1294-48C5-89E8-3537DB21C924}.Debug|Any CPU.ActiveCfg = Debug|Any CPU
		{D5497012-1294-48C5-89E8-3537DB21C924}.Debug|Any CPU.Build.0 = Debug|Any CPU
		{D5497012-1294-48C5-89E8-3537DB21C924}.Release|Any CPU.ActiveCfg = Release|Any CPU
		{D5497012-1294-48C5-89E8-3537DB21C924}.Release|Any CPU.Build.0 = Release|Any CPU
	EndGlobalSection
	GlobalSection(SolutionProperties) = preSolution
		HideSolutionNode = FALSE
	EndGlobalSection
	GlobalSection(ExtensibilityGlobals) = postSolution
		SolutionGuid = {5EE9A9DC-BCCE-475B-A85D-6D5783BC7569}
	EndGlobalSection
EndGlobal
